// !$*UTF8*$!
{
	archiveVersion = 1;
	classes = {
	};
	objectVersion = 46;
	objects = {

/* Begin PBXBuildFile section */
		1AEC85F17AF4D435CC77C30E /* Pods_GraphlyTests.framework in Frameworks */ = {isa = PBXBuildFile; fileRef = A502FE989DFB63ACD76A6273 /* Pods_GraphlyTests.framework */; };
		74616B6EB273ED72D8FDCEC5 /* Pods_GraphlyUITests.framework in Frameworks */ = {isa = PBXBuildFile; fileRef = A97B2072B8127B99FE2CA52E /* Pods_GraphlyUITests.framework */; };
		B412621D0AD1932CC70FD024 /* Main.storyboard in Resources */ = {isa = PBXBuildFile; fileRef = B41269D98DCDA5DFE9C29D17 /* Main.storyboard */; };
		B4126517A2CB8CD4BD4BFE18 /* DependencyInjection.swift in Sources */ = {isa = PBXBuildFile; fileRef = B4126CD227F8011F4556FAF5 /* DependencyInjection.swift */; };
		B412664203E0FEDC0CF9468C /* GraphlyTests.swift in Sources */ = {isa = PBXBuildFile; fileRef = B412699F16F40C41B6866382 /* GraphlyTests.swift */; };
		B41266BBA4DAB1074222A7D9 /* GraphlyUITests.swift in Sources */ = {isa = PBXBuildFile; fileRef = B41263A5EB58CF276ECAC9CB /* GraphlyUITests.swift */; };
		B4126B6CB7EE0181AB465DA5 /* ViewController.swift in Sources */ = {isa = PBXBuildFile; fileRef = B412643F7A2A7AAEC6A63082 /* ViewController.swift */; };
		B4126B828A669853D77F4796 /* AppDelegate.swift in Sources */ = {isa = PBXBuildFile; fileRef = B4126A90CFD09E5DC4D79F6F /* AppDelegate.swift */; };
		B4126EBFF881BE4AB14E4274 /* Assets.xcassets in Resources */ = {isa = PBXBuildFile; fileRef = B41260A1F8A76964A821AA16 /* Assets.xcassets */; };
		C5E5783DE825AAD4A1FAB0E2 /* Pods_Graphly.framework in Frameworks */ = {isa = PBXBuildFile; fileRef = 4C068B67DD5CBBF6A0AD1FE1 /* Pods_Graphly.framework */; };
		F211F1431FD2F9B900382DAE /* HeatMapViewController.swift in Sources */ = {isa = PBXBuildFile; fileRef = F211F1421FD2F9B900382DAE /* HeatMapViewController.swift */; };
		F211F1451FD2F9DB00382DAE /* ScatterViewController.swift in Sources */ = {isa = PBXBuildFile; fileRef = F211F1441FD2F9DB00382DAE /* ScatterViewController.swift */; };
		F211F1471FD2FA0900382DAE /* GridChartViewController.swift in Sources */ = {isa = PBXBuildFile; fileRef = F211F1461FD2FA0900382DAE /* GridChartViewController.swift */; };
		F2319CA01FD354BF002C422C /* GridChartViewModel.swift in Sources */ = {isa = PBXBuildFile; fileRef = F2319C9F1FD354BF002C422C /* GridChartViewModel.swift */; };
		F2319CA31FD35980002C422C /* CollectionDataSource.swift in Sources */ = {isa = PBXBuildFile; fileRef = F2319CA21FD35980002C422C /* CollectionDataSource.swift */; };
		F2319CA81FD35BE2002C422C /* GridChartCollectionViewItem.swift in Sources */ = {isa = PBXBuildFile; fileRef = F2319CA61FD35BE2002C422C /* GridChartCollectionViewItem.swift */; };
		F2319CA91FD35BE2002C422C /* GridChartCollectionViewItem.xib in Resources */ = {isa = PBXBuildFile; fileRef = F2319CA71FD35BE2002C422C /* GridChartCollectionViewItem.xib */; };
		F2319CAC1FD35C3E002C422C /* GridChartCollectionViewModel.swift in Sources */ = {isa = PBXBuildFile; fileRef = F2319CAB1FD35C3E002C422C /* GridChartCollectionViewModel.swift */; };
		F2319CAE1FD35CB0002C422C /* CollectionViewItem.swift in Sources */ = {isa = PBXBuildFile; fileRef = F2319CAD1FD35CB0002C422C /* CollectionViewItem.swift */; };
		F2319CB01FD35DED002C422C /* NSCollectionView+Autoregister.swift in Sources */ = {isa = PBXBuildFile; fileRef = F2319CAF1FD35DED002C422C /* NSCollectionView+Autoregister.swift */; };
		F2319CB21FD362BC002C422C /* Section.swift in Sources */ = {isa = PBXBuildFile; fileRef = F2319CB11FD362BC002C422C /* Section.swift */; };
		F2319CB41FD36A85002C422C /* NSStoryboard+Instantiate.swift in Sources */ = {isa = PBXBuildFile; fileRef = F2319CB31FD36A85002C422C /* NSStoryboard+Instantiate.swift */; };
		F23D0CA11FD40F3D00F0E416 /* Collection+Range.swift in Sources */ = {isa = PBXBuildFile; fileRef = F23D0CA01FD40F3D00F0E416 /* Collection+Range.swift */; };
		F23D0CA41FD4129200F0E416 /* GridChartHeaderView.swift in Sources */ = {isa = PBXBuildFile; fileRef = F23D0CA31FD4129200F0E416 /* GridChartHeaderView.swift */; };
		F23D0CA61FD412A700F0E416 /* GridChartHeaderView.xib in Resources */ = {isa = PBXBuildFile; fileRef = F23D0CA51FD412A700F0E416 /* GridChartHeaderView.xib */; };
		F23D0CA81FD412C100F0E416 /* GridChartHeaderViewModel.swift in Sources */ = {isa = PBXBuildFile; fileRef = F23D0CA71FD412C100F0E416 /* GridChartHeaderViewModel.swift */; };
		F23D0CAC1FD4173400F0E416 /* data.json in Resources */ = {isa = PBXBuildFile; fileRef = F23D0CAB1FD4173400F0E416 /* data.json */; };
		F24178E31FD31DE3002D237F /* NSViewController+Child.swift in Sources */ = {isa = PBXBuildFile; fileRef = F24178E21FD31DE3002D237F /* NSViewController+Child.swift */; };
		F24178E61FD32289002D237F /* ControllersInfoProvider.swift in Sources */ = {isa = PBXBuildFile; fileRef = F24178E51FD32289002D237F /* ControllersInfoProvider.swift */; };
		F24178E81FD3288C002D237F /* NSObject+LastClassComponent.swift in Sources */ = {isa = PBXBuildFile; fileRef = F24178E71FD3288C002D237F /* NSObject+LastClassComponent.swift */; };
		F24178EA1FD32A5D002D237F /* Notification+Custom.swift in Sources */ = {isa = PBXBuildFile; fileRef = F24178E91FD32A5D002D237F /* Notification+Custom.swift */; };
		F2B5EE091FD342BB009F123E /* DataProvider.swift in Sources */ = {isa = PBXBuildFile; fileRef = F2B5EE081FD342BB009F123E /* DataProvider.swift */; };
		F2B5EE0B1FD34622009F123E /* ScatterViewModel.swift in Sources */ = {isa = PBXBuildFile; fileRef = F2B5EE0A1FD34622009F123E /* ScatterViewModel.swift */; };
		F2B5EE0D1FD3462E009F123E /* ViewModel.swift in Sources */ = {isa = PBXBuildFile; fileRef = F2B5EE0C1FD3462E009F123E /* ViewModel.swift */; };
		F2D36E561FD30A5B0036784E /* Unit.swift in Sources */ = {isa = PBXBuildFile; fileRef = F2D36E551FD30A5B0036784E /* Unit.swift */; };
		F2D36E581FD30CD70036784E /* SplitViewController.swift in Sources */ = {isa = PBXBuildFile; fileRef = F2D36E571FD30CD70036784E /* SplitViewController.swift */; };
		F2D36E5A1FD30D280036784E /* MenuViewController.swift in Sources */ = {isa = PBXBuildFile; fileRef = F2D36E591FD30D280036784E /* MenuViewController.swift */; };
		F2D36E611FD30F0A0036784E /* MenuViewModel.swift in Sources */ = {isa = PBXBuildFile; fileRef = F2D36E601FD30F0A0036784E /* MenuViewModel.swift */; };
		F2D36E661FD310A70036784E /* MenuItemViewModel.swift in Sources */ = {isa = PBXBuildFile; fileRef = F2D36E651FD310A70036784E /* MenuItemViewModel.swift */; };
		F2D36E6A1FD3128B0036784E /* MenuTableCellView.swift in Sources */ = {isa = PBXBuildFile; fileRef = F2D36E691FD3128B0036784E /* MenuTableCellView.swift */; };
		F2D36E6C1FD3129D0036784E /* MenuTableCellView.xib in Resources */ = {isa = PBXBuildFile; fileRef = F2D36E6B1FD3129D0036784E /* MenuTableCellView.xib */; };
		F2D36E6F1FD31A4D0036784E /* NSTableView+Autoregister.swift in Sources */ = {isa = PBXBuildFile; fileRef = F2D36E6E1FD31A4D0036784E /* NSTableView+Autoregister.swift */; };
/* End PBXBuildFile section */

/* Begin PBXContainerItemProxy section */
		B412699D72C91ACB1CEBF446 /* PBXContainerItemProxy */ = {
			isa = PBXContainerItemProxy;
			containerPortal = B41261DC993F7D120D931B13 /* Project object */;
			proxyType = 1;
			remoteGlobalIDString = B412684D7F7A1756DF9D727A;
			remoteInfo = Graphly;
		};
		B4126AE7F2ACBFB4899051FB /* PBXContainerItemProxy */ = {
			isa = PBXContainerItemProxy;
			containerPortal = B41261DC993F7D120D931B13 /* Project object */;
			proxyType = 1;
			remoteGlobalIDString = B412684D7F7A1756DF9D727A;
			remoteInfo = Graphly;
		};
/* End PBXContainerItemProxy section */

/* Begin PBXFileReference section */
		143892EBD68CD07D19596A75 /* Pods-Graphly.release.xcconfig */ = {isa = PBXFileReference; includeInIndex = 1; lastKnownFileType = text.xcconfig; name = "Pods-Graphly.release.xcconfig"; path = "Pods/Target Support Files/Pods-Graphly/Pods-Graphly.release.xcconfig"; sourceTree = "<group>"; };
		4C068B67DD5CBBF6A0AD1FE1 /* Pods_Graphly.framework */ = {isa = PBXFileReference; explicitFileType = wrapper.framework; includeInIndex = 0; path = Pods_Graphly.framework; sourceTree = BUILT_PRODUCTS_DIR; };
		63AAB11123676CEA44C1E394 /* Pods-Graphly.debug.xcconfig */ = {isa = PBXFileReference; includeInIndex = 1; lastKnownFileType = text.xcconfig; name = "Pods-Graphly.debug.xcconfig"; path = "Pods/Target Support Files/Pods-Graphly/Pods-Graphly.debug.xcconfig"; sourceTree = "<group>"; };
		6716295C24716858C39CC260 /* Pods-GraphlyUITests.debug.xcconfig */ = {isa = PBXFileReference; includeInIndex = 1; lastKnownFileType = text.xcconfig; name = "Pods-GraphlyUITests.debug.xcconfig"; path = "Pods/Target Support Files/Pods-GraphlyUITests/Pods-GraphlyUITests.debug.xcconfig"; sourceTree = "<group>"; };
		81804218567C3C966952EEC7 /* Pods-GraphlyUITests.release.xcconfig */ = {isa = PBXFileReference; includeInIndex = 1; lastKnownFileType = text.xcconfig; name = "Pods-GraphlyUITests.release.xcconfig"; path = "Pods/Target Support Files/Pods-GraphlyUITests/Pods-GraphlyUITests.release.xcconfig"; sourceTree = "<group>"; };
		A502FE989DFB63ACD76A6273 /* Pods_GraphlyTests.framework */ = {isa = PBXFileReference; explicitFileType = wrapper.framework; includeInIndex = 0; path = Pods_GraphlyTests.framework; sourceTree = BUILT_PRODUCTS_DIR; };
		A97B2072B8127B99FE2CA52E /* Pods_GraphlyUITests.framework */ = {isa = PBXFileReference; explicitFileType = wrapper.framework; includeInIndex = 0; path = Pods_GraphlyUITests.framework; sourceTree = BUILT_PRODUCTS_DIR; };
		B41260A1F8A76964A821AA16 /* Assets.xcassets */ = {isa = PBXFileReference; lastKnownFileType = folder.assetcatalog; path = Assets.xcassets; sourceTree = "<group>"; };
		B412636D80E4090724954671 /* Info.plist */ = {isa = PBXFileReference; lastKnownFileType = text.plist.info; path = Info.plist; sourceTree = "<group>"; };
		B41263A5EB58CF276ECAC9CB /* GraphlyUITests.swift */ = {isa = PBXFileReference; lastKnownFileType = sourcecode.swift; path = GraphlyUITests.swift; sourceTree = "<group>"; };
		B412643F7A2A7AAEC6A63082 /* ViewController.swift */ = {isa = PBXFileReference; lastKnownFileType = sourcecode.swift; path = ViewController.swift; sourceTree = "<group>"; };
		B41264D9097723BD169655C7 /* GraphlyUITests.xctest */ = {isa = PBXFileReference; explicitFileType = wrapper.cfbundle; includeInIndex = 0; path = GraphlyUITests.xctest; sourceTree = BUILT_PRODUCTS_DIR; };
		B41265F8E99244737827324F /* Graphly.app */ = {isa = PBXFileReference; explicitFileType = wrapper.application; includeInIndex = 0; path = Graphly.app; sourceTree = BUILT_PRODUCTS_DIR; };
		B41266E199A691B0F4187323 /* Info.plist */ = {isa = PBXFileReference; lastKnownFileType = text.plist.info; path = Info.plist; sourceTree = "<group>"; };
		B41268A28879DD5F6C76CA0A /* Base */ = {isa = PBXFileReference; lastKnownFileType = file.storyboard; name = Base; path = Base.lproj/Main.storyboard; sourceTree = "<group>"; };
		B4126943B4B20A03763547DF /* GraphlyTests.xctest */ = {isa = PBXFileReference; explicitFileType = wrapper.cfbundle; includeInIndex = 0; path = GraphlyTests.xctest; sourceTree = BUILT_PRODUCTS_DIR; };
		B412699F16F40C41B6866382 /* GraphlyTests.swift */ = {isa = PBXFileReference; lastKnownFileType = sourcecode.swift; path = GraphlyTests.swift; sourceTree = "<group>"; };
		B4126A90CFD09E5DC4D79F6F /* AppDelegate.swift */ = {isa = PBXFileReference; lastKnownFileType = sourcecode.swift; path = AppDelegate.swift; sourceTree = "<group>"; };
		B4126CD227F8011F4556FAF5 /* DependencyInjection.swift */ = {isa = PBXFileReference; fileEncoding = 4; lastKnownFileType = sourcecode.swift; path = DependencyInjection.swift; sourceTree = "<group>"; };
		B4126D2148166EE6BF67AD8A /* Info.plist */ = {isa = PBXFileReference; lastKnownFileType = text.plist.xml; path = Info.plist; sourceTree = "<group>"; };
		C0C8B1CC5CAF59970FD66D88 /* Pods-GraphlyTests.release.xcconfig */ = {isa = PBXFileReference; includeInIndex = 1; lastKnownFileType = text.xcconfig; name = "Pods-GraphlyTests.release.xcconfig"; path = "Pods/Target Support Files/Pods-GraphlyTests/Pods-GraphlyTests.release.xcconfig"; sourceTree = "<group>"; };
		E05DDE7CC2E51C9561AD6852 /* Pods-GraphlyTests.debug.xcconfig */ = {isa = PBXFileReference; includeInIndex = 1; lastKnownFileType = text.xcconfig; name = "Pods-GraphlyTests.debug.xcconfig"; path = "Pods/Target Support Files/Pods-GraphlyTests/Pods-GraphlyTests.debug.xcconfig"; sourceTree = "<group>"; };
		F211F1421FD2F9B900382DAE /* HeatMapViewController.swift */ = {isa = PBXFileReference; fileEncoding = 4; lastKnownFileType = sourcecode.swift; path = HeatMapViewController.swift; sourceTree = "<group>"; };
		F211F1441FD2F9DB00382DAE /* ScatterViewController.swift */ = {isa = PBXFileReference; fileEncoding = 4; lastKnownFileType = sourcecode.swift; path = ScatterViewController.swift; sourceTree = "<group>"; };
		F211F1461FD2FA0900382DAE /* GridChartViewController.swift */ = {isa = PBXFileReference; fileEncoding = 4; lastKnownFileType = sourcecode.swift; path = GridChartViewController.swift; sourceTree = "<group>"; };
		F2319C9F1FD354BF002C422C /* GridChartViewModel.swift */ = {isa = PBXFileReference; lastKnownFileType = sourcecode.swift; path = GridChartViewModel.swift; sourceTree = "<group>"; };
		F2319CA21FD35980002C422C /* CollectionDataSource.swift */ = {isa = PBXFileReference; lastKnownFileType = sourcecode.swift; path = CollectionDataSource.swift; sourceTree = "<group>"; };
		F2319CA61FD35BE2002C422C /* GridChartCollectionViewItem.swift */ = {isa = PBXFileReference; lastKnownFileType = sourcecode.swift; path = GridChartCollectionViewItem.swift; sourceTree = "<group>"; };
		F2319CA71FD35BE2002C422C /* GridChartCollectionViewItem.xib */ = {isa = PBXFileReference; lastKnownFileType = file.xib; path = GridChartCollectionViewItem.xib; sourceTree = "<group>"; };
		F2319CAB1FD35C3E002C422C /* GridChartCollectionViewModel.swift */ = {isa = PBXFileReference; lastKnownFileType = sourcecode.swift; path = GridChartCollectionViewModel.swift; sourceTree = "<group>"; };
		F2319CAD1FD35CB0002C422C /* CollectionViewItem.swift */ = {isa = PBXFileReference; lastKnownFileType = sourcecode.swift; path = CollectionViewItem.swift; sourceTree = "<group>"; };
		F2319CAF1FD35DED002C422C /* NSCollectionView+Autoregister.swift */ = {isa = PBXFileReference; lastKnownFileType = sourcecode.swift; path = "NSCollectionView+Autoregister.swift"; sourceTree = "<group>"; };
		F2319CB11FD362BC002C422C /* Section.swift */ = {isa = PBXFileReference; lastKnownFileType = sourcecode.swift; path = Section.swift; sourceTree = "<group>"; };
		F2319CB31FD36A85002C422C /* NSStoryboard+Instantiate.swift */ = {isa = PBXFileReference; lastKnownFileType = sourcecode.swift; path = "NSStoryboard+Instantiate.swift"; sourceTree = "<group>"; };
		F23D0CA01FD40F3D00F0E416 /* Collection+Range.swift */ = {isa = PBXFileReference; lastKnownFileType = sourcecode.swift; path = "Collection+Range.swift"; sourceTree = "<group>"; };
		F23D0CA31FD4129200F0E416 /* GridChartHeaderView.swift */ = {isa = PBXFileReference; lastKnownFileType = sourcecode.swift; path = GridChartHeaderView.swift; sourceTree = "<group>"; };
		F23D0CA51FD412A700F0E416 /* GridChartHeaderView.xib */ = {isa = PBXFileReference; lastKnownFileType = file.xib; path = GridChartHeaderView.xib; sourceTree = "<group>"; };
		F23D0CA71FD412C100F0E416 /* GridChartHeaderViewModel.swift */ = {isa = PBXFileReference; lastKnownFileType = sourcecode.swift; path = GridChartHeaderViewModel.swift; sourceTree = "<group>"; };
		F23D0CAB1FD4173400F0E416 /* data.json */ = {isa = PBXFileReference; fileEncoding = 4; lastKnownFileType = text.json; path = data.json; sourceTree = "<group>"; };
		F24178E21FD31DE3002D237F /* NSViewController+Child.swift */ = {isa = PBXFileReference; lastKnownFileType = sourcecode.swift; path = "NSViewController+Child.swift"; sourceTree = "<group>"; };
		F24178E51FD32289002D237F /* ControllersInfoProvider.swift */ = {isa = PBXFileReference; lastKnownFileType = sourcecode.swift; path = ControllersInfoProvider.swift; sourceTree = "<group>"; };
		F24178E71FD3288C002D237F /* NSObject+LastClassComponent.swift */ = {isa = PBXFileReference; lastKnownFileType = sourcecode.swift; path = "NSObject+LastClassComponent.swift"; sourceTree = "<group>"; };
		F24178E91FD32A5D002D237F /* Notification+Custom.swift */ = {isa = PBXFileReference; lastKnownFileType = sourcecode.swift; path = "Notification+Custom.swift"; sourceTree = "<group>"; };
		F2B5EE081FD342BB009F123E /* DataProvider.swift */ = {isa = PBXFileReference; lastKnownFileType = sourcecode.swift; path = DataProvider.swift; sourceTree = "<group>"; };
		F2B5EE0A1FD34622009F123E /* ScatterViewModel.swift */ = {isa = PBXFileReference; lastKnownFileType = sourcecode.swift; path = ScatterViewModel.swift; sourceTree = "<group>"; };
		F2B5EE0C1FD3462E009F123E /* ViewModel.swift */ = {isa = PBXFileReference; lastKnownFileType = sourcecode.swift; path = ViewModel.swift; sourceTree = "<group>"; };
		F2D36E551FD30A5B0036784E /* Unit.swift */ = {isa = PBXFileReference; lastKnownFileType = sourcecode.swift; path = Unit.swift; sourceTree = "<group>"; };
		F2D36E571FD30CD70036784E /* SplitViewController.swift */ = {isa = PBXFileReference; lastKnownFileType = sourcecode.swift; path = SplitViewController.swift; sourceTree = "<group>"; };
		F2D36E591FD30D280036784E /* MenuViewController.swift */ = {isa = PBXFileReference; lastKnownFileType = sourcecode.swift; path = MenuViewController.swift; sourceTree = "<group>"; };
		F2D36E601FD30F0A0036784E /* MenuViewModel.swift */ = {isa = PBXFileReference; lastKnownFileType = sourcecode.swift; path = MenuViewModel.swift; sourceTree = "<group>"; };
		F2D36E651FD310A70036784E /* MenuItemViewModel.swift */ = {isa = PBXFileReference; lastKnownFileType = sourcecode.swift; path = MenuItemViewModel.swift; sourceTree = "<group>"; };
		F2D36E691FD3128B0036784E /* MenuTableCellView.swift */ = {isa = PBXFileReference; lastKnownFileType = sourcecode.swift; path = MenuTableCellView.swift; sourceTree = "<group>"; };
		F2D36E6B1FD3129D0036784E /* MenuTableCellView.xib */ = {isa = PBXFileReference; lastKnownFileType = file.xib; path = MenuTableCellView.xib; sourceTree = "<group>"; };
		F2D36E6E1FD31A4D0036784E /* NSTableView+Autoregister.swift */ = {isa = PBXFileReference; lastKnownFileType = sourcecode.swift; path = "NSTableView+Autoregister.swift"; sourceTree = "<group>"; };
/* End PBXFileReference section */

/* Begin PBXFrameworksBuildPhase section */
		B41261C695DEEAD164F55D44 /* Frameworks */ = {
			isa = PBXFrameworksBuildPhase;
			buildActionMask = 2147483647;
			files = (
				C5E5783DE825AAD4A1FAB0E2 /* Pods_Graphly.framework in Frameworks */,
			);
			runOnlyForDeploymentPostprocessing = 0;
		};
		B4126353DA39C9065032FC01 /* Frameworks */ = {
			isa = PBXFrameworksBuildPhase;
			buildActionMask = 2147483647;
			files = (
				1AEC85F17AF4D435CC77C30E /* Pods_GraphlyTests.framework in Frameworks */,
			);
			runOnlyForDeploymentPostprocessing = 0;
		};
		B4126B61BAD72CEB2CFE8A6C /* Frameworks */ = {
			isa = PBXFrameworksBuildPhase;
			buildActionMask = 2147483647;
			files = (
				74616B6EB273ED72D8FDCEC5 /* Pods_GraphlyUITests.framework in Frameworks */,
			);
			runOnlyForDeploymentPostprocessing = 0;
		};
/* End PBXFrameworksBuildPhase section */

/* Begin PBXGroup section */
		A02695F529FBA59FC14A0D46 /* Pods */ = {
			isa = PBXGroup;
			children = (
				63AAB11123676CEA44C1E394 /* Pods-Graphly.debug.xcconfig */,
				143892EBD68CD07D19596A75 /* Pods-Graphly.release.xcconfig */,
				E05DDE7CC2E51C9561AD6852 /* Pods-GraphlyTests.debug.xcconfig */,
				C0C8B1CC5CAF59970FD66D88 /* Pods-GraphlyTests.release.xcconfig */,
				6716295C24716858C39CC260 /* Pods-GraphlyUITests.debug.xcconfig */,
				81804218567C3C966952EEC7 /* Pods-GraphlyUITests.release.xcconfig */,
			);
			name = Pods;
			sourceTree = "<group>";
		};
		B41261D8A6207990B8F51710 /* GraphlyUITests */ = {
			isa = PBXGroup;
			children = (
				B41266E199A691B0F4187323 /* Info.plist */,
				B41263A5EB58CF276ECAC9CB /* GraphlyUITests.swift */,
			);
			path = GraphlyUITests;
			sourceTree = "<group>";
		};
		B412653491742191E08DCAA1 /* Products */ = {
			isa = PBXGroup;
			children = (
				B41265F8E99244737827324F /* Graphly.app */,
				B4126943B4B20A03763547DF /* GraphlyTests.xctest */,
				B41264D9097723BD169655C7 /* GraphlyUITests.xctest */,
			);
			name = Products;
			sourceTree = "<group>";
		};
		B4126651E9E3282A38FB63DE = {
			isa = PBXGroup;
			children = (
				B4126D03B48A9BED397C9498 /* Graphly */,
				B4126892805847BE9D47481C /* GraphlyTests */,
				B41261D8A6207990B8F51710 /* GraphlyUITests */,
				A02695F529FBA59FC14A0D46 /* Pods */,
				D67C243964F4B98EAF0D7323 /* Frameworks */,
				B412653491742191E08DCAA1 /* Products */,
			);
			sourceTree = "<group>";
		};
		B4126892805847BE9D47481C /* GraphlyTests */ = {
			isa = PBXGroup;
			children = (
				B412636D80E4090724954671 /* Info.plist */,
				B412699F16F40C41B6866382 /* GraphlyTests.swift */,
			);
			path = GraphlyTests;
			sourceTree = "<group>";
		};
		B41269AA62CF4F1C13BED605 /* DI */ = {
			isa = PBXGroup;
			children = (
				B4126CD227F8011F4556FAF5 /* DependencyInjection.swift */,
			);
			path = DI;
			sourceTree = "<group>";
		};
		B4126D03B48A9BED397C9498 /* Graphly */ = {
			isa = PBXGroup;
			children = (
				F23D0CAA1FD4172900F0E416 /* Resources */,
				F29175161FD34DB500D58C5E /* Converters */,
				F24178E41FD3227A002D237F /* Helpers */,
				F2D36E6D1FD31A320036784E /* Extensions */,
				B4126A90CFD09E5DC4D79F6F /* AppDelegate.swift */,
				F2D36E541FD30A450036784E /* Models */,
				F211F1411FD2F96000382DAE /* Components */,
				B41269AA62CF4F1C13BED605 /* DI */,
				F2D36E5D1FD30D5B0036784E /* Supporting files */,
			);
			path = Graphly;
			sourceTree = "<group>";
		};
		D67C243964F4B98EAF0D7323 /* Frameworks */ = {
			isa = PBXGroup;
			children = (
				4C068B67DD5CBBF6A0AD1FE1 /* Pods_Graphly.framework */,
				A502FE989DFB63ACD76A6273 /* Pods_GraphlyTests.framework */,
				A97B2072B8127B99FE2CA52E /* Pods_GraphlyUITests.framework */,
			);
			name = Frameworks;
			sourceTree = "<group>";
		};
		F211F1411FD2F96000382DAE /* Components */ = {
			isa = PBXGroup;
			children = (
				F23D0CA21FD4126D00F0E416 /* Headers */,
				F2B5EE0E1FD34646009F123E /* Split */,
				F2D36E621FD310780036784E /* Cells */,
				F2D36E5F1FD30DEF0036784E /* Charts */,
				F2D36E5E1FD30DD30036784E /* Common */,
				F2D36E5B1FD30D460036784E /* Menu */,
			);
			name = Components;
			sourceTree = "<group>";
		};
		F2319C9C1FD351A1002C422C /* Heat map */ = {
			isa = PBXGroup;
			children = (
			);
			name = "Heat map";
			sourceTree = "<group>";
		};
		F2319C9D1FD351A9002C422C /* Grid */ = {
			isa = PBXGroup;
			children = (
				F211F1461FD2FA0900382DAE /* GridChartViewController.swift */,
				F2319C9F1FD354BF002C422C /* GridChartViewModel.swift */,
			);
			name = Grid;
			sourceTree = "<group>";
		};
		F2319CA11FD3596B002C422C /* Collection */ = {
			isa = PBXGroup;
			children = (
				F2319CA21FD35980002C422C /* CollectionDataSource.swift */,
				F2319CAD1FD35CB0002C422C /* CollectionViewItem.swift */,
				F2319CB11FD362BC002C422C /* Section.swift */,
			);
			name = Collection;
			sourceTree = "<group>";
		};
		F2319CA41FD35B9C002C422C /* Menu */ = {
			isa = PBXGroup;
			children = (
				F2D36E651FD310A70036784E /* MenuItemViewModel.swift */,
				F2D36E691FD3128B0036784E /* MenuTableCellView.swift */,
				F2D36E6B1FD3129D0036784E /* MenuTableCellView.xib */,
			);
			name = Menu;
			sourceTree = "<group>";
		};
		F2319CA51FD35BC7002C422C /* Grid */ = {
			isa = PBXGroup;
			children = (
				F2319CA61FD35BE2002C422C /* GridChartCollectionViewItem.swift */,
				F2319CA71FD35BE2002C422C /* GridChartCollectionViewItem.xib */,
				F2319CAB1FD35C3E002C422C /* GridChartCollectionViewModel.swift */,
			);
			name = Grid;
			sourceTree = "<group>";
		};
		F23D0CA21FD4126D00F0E416 /* Headers */ = {
			isa = PBXGroup;
			children = (
				F23D0CA31FD4129200F0E416 /* GridChartHeaderView.swift */,
				F23D0CA51FD412A700F0E416 /* GridChartHeaderView.xib */,
				F23D0CA71FD412C100F0E416 /* GridChartHeaderViewModel.swift */,
			);
			name = Headers;
			sourceTree = "<group>";
		};
		F23D0CAA1FD4172900F0E416 /* Resources */ = {
			isa = PBXGroup;
			children = (
				F23D0CAB1FD4173400F0E416 /* data.json */,
				B41260A1F8A76964A821AA16 /* Assets.xcassets */,
				B41269D98DCDA5DFE9C29D17 /* Main.storyboard */,
			);
			path = Resources;
			sourceTree = "<group>";
		};
		F24178E41FD3227A002D237F /* Helpers */ = {
			isa = PBXGroup;
			children = (
				F24178E51FD32289002D237F /* ControllersInfoProvider.swift */,
				F2B5EE081FD342BB009F123E /* DataProvider.swift */,
			);
			path = Helpers;
			sourceTree = "<group>";
		};
		F29175161FD34DB500D58C5E /* Converters */ = {
			isa = PBXGroup;
			children = (
			);
			path = Converters;
			sourceTree = "<group>";
		};
		F2B5EE0E1FD34646009F123E /* Split */ = {
			isa = PBXGroup;
			children = (
				F2D36E571FD30CD70036784E /* SplitViewController.swift */,
			);
			name = Split;
			sourceTree = "<group>";
		};
		F2B5EE0F1FD34653009F123E /* Scatter */ = {
			isa = PBXGroup;
			children = (
				F211F1441FD2F9DB00382DAE /* ScatterViewController.swift */,
				F2B5EE0A1FD34622009F123E /* ScatterViewModel.swift */,
			);
			name = Scatter;
			sourceTree = "<group>";
		};
		F2D36E541FD30A450036784E /* Models */ = {
			isa = PBXGroup;
			children = (
				F2D36E551FD30A5B0036784E /* Unit.swift */,
			);
			path = Models;
			sourceTree = "<group>";
		};
		F2D36E5B1FD30D460036784E /* Menu */ = {
			isa = PBXGroup;
			children = (
				F2D36E591FD30D280036784E /* MenuViewController.swift */,
				F2D36E601FD30F0A0036784E /* MenuViewModel.swift */,
			);
			name = Menu;
			sourceTree = "<group>";
		};
		F2D36E5D1FD30D5B0036784E /* Supporting files */ = {
			isa = PBXGroup;
			children = (
				B4126D2148166EE6BF67AD8A /* Info.plist */,
			);
			path = "Supporting files";
			sourceTree = "<group>";
		};
		F2D36E5E1FD30DD30036784E /* Common */ = {
			isa = PBXGroup;
			children = (
				F2319CA11FD3596B002C422C /* Collection */,
				B412643F7A2A7AAEC6A63082 /* ViewController.swift */,
				F2B5EE0C1FD3462E009F123E /* ViewModel.swift */,
			);
			name = Common;
			sourceTree = "<group>";
		};
		F2D36E5F1FD30DEF0036784E /* Charts */ = {
			isa = PBXGroup;
			children = (
				F2319C9D1FD351A9002C422C /* Grid */,
				F2319C9C1FD351A1002C422C /* Heat map */,
				F2B5EE0F1FD34653009F123E /* Scatter */,
				F211F1421FD2F9B900382DAE /* HeatMapViewController.swift */,
			);
			name = Charts;
			sourceTree = "<group>";
		};
		F2D36E621FD310780036784E /* Cells */ = {
			isa = PBXGroup;
			children = (
				F2319CA51FD35BC7002C422C /* Grid */,
				F2319CA41FD35B9C002C422C /* Menu */,
			);
			name = Cells;
			sourceTree = "<group>";
		};
		F2D36E6D1FD31A320036784E /* Extensions */ = {
			isa = PBXGroup;
			children = (
				F23D0CA01FD40F3D00F0E416 /* Collection+Range.swift */,
				F24178E91FD32A5D002D237F /* Notification+Custom.swift */,
				F2D36E6E1FD31A4D0036784E /* NSTableView+Autoregister.swift */,
				F24178E21FD31DE3002D237F /* NSViewController+Child.swift */,
				F24178E71FD3288C002D237F /* NSObject+LastClassComponent.swift */,
				F2319CAF1FD35DED002C422C /* NSCollectionView+Autoregister.swift */,
				F2319CB31FD36A85002C422C /* NSStoryboard+Instantiate.swift */,
			);
			path = Extensions;
			sourceTree = "<group>";
		};
/* End PBXGroup section */

/* Begin PBXNativeTarget section */
		B4126193A701A548EB0CF674 /* GraphlyTests */ = {
			isa = PBXNativeTarget;
			buildConfigurationList = B41265553EA5380BB50402D0 /* Build configuration list for PBXNativeTarget "GraphlyTests" */;
			buildPhases = (
				7E5BE942BD98E3A8585D4928 /* [CP] Check Pods Manifest.lock */,
				B412617413D4EE598A7DF6BF /* Sources */,
				B4126353DA39C9065032FC01 /* Frameworks */,
				B41262C4CC74548F2D5CB6CC /* Resources */,
				5C7F9BDEE05A84361516EAC3 /* [CP] Embed Pods Frameworks */,
				C4395FE15192112A8140F3C9 /* [CP] Copy Pods Resources */,
			);
			buildRules = (
			);
			dependencies = (
				B4126947F2AFB2378D5C7576 /* PBXTargetDependency */,
			);
			name = GraphlyTests;
			productName = GraphlyTests;
			productReference = B4126943B4B20A03763547DF /* GraphlyTests.xctest */;
			productType = "com.apple.product-type.bundle.unit-test";
		};
		B412657911936B72B564D53F /* GraphlyUITests */ = {
			isa = PBXNativeTarget;
			buildConfigurationList = B4126BFAA3004EFAAB4342AB /* Build configuration list for PBXNativeTarget "GraphlyUITests" */;
			buildPhases = (
				7ACB1560166CCA6D511451CB /* [CP] Check Pods Manifest.lock */,
				B412616345A6519142E2817E /* Sources */,
				B4126B61BAD72CEB2CFE8A6C /* Frameworks */,
				B412603221530BA68A580FC2 /* Resources */,
				C1F475174B7A52325DB82C0A /* [CP] Embed Pods Frameworks */,
				15A51AF079921E7E2E76AA76 /* [CP] Copy Pods Resources */,
			);
			buildRules = (
			);
			dependencies = (
				B41262CB83B9FE1D59BAE2FE /* PBXTargetDependency */,
			);
			name = GraphlyUITests;
			productName = GraphlyUITests;
			productReference = B41264D9097723BD169655C7 /* GraphlyUITests.xctest */;
			productType = "com.apple.product-type.bundle.ui-testing";
		};
		B412684D7F7A1756DF9D727A /* Graphly */ = {
			isa = PBXNativeTarget;
			buildConfigurationList = B41268336F88AE7B9B0D378F /* Build configuration list for PBXNativeTarget "Graphly" */;
			buildPhases = (
				E35B8D20C199C4A073C59AC0 /* [CP] Check Pods Manifest.lock */,
				B4126516894A726600BC35D8 /* Sources */,
				B41261C695DEEAD164F55D44 /* Frameworks */,
				B4126A8D212F0ED5FD4D3A69 /* Resources */,
				5E91A7524944DBEEF0CD789B /* [CP] Embed Pods Frameworks */,
				DA8AB20C4B29D7113D08F82E /* [CP] Copy Pods Resources */,
			);
			buildRules = (
			);
			dependencies = (
			);
			name = Graphly;
			productName = Graphly;
			productReference = B41265F8E99244737827324F /* Graphly.app */;
			productType = "com.apple.product-type.application";
		};
/* End PBXNativeTarget section */

/* Begin PBXProject section */
		B41261DC993F7D120D931B13 /* Project object */ = {
			isa = PBXProject;
			attributes = {
				ORGANIZATIONNAME = "Marcin Karmelita";
				TargetAttributes = {
					B4126193A701A548EB0CF674 = {
						LastSwiftMigration = 0910;
					};
				};
			};
			buildConfigurationList = B4126EB769C93F5A2ADB2845 /* Build configuration list for PBXProject "Graphly" */;
			compatibilityVersion = "Xcode 3.2";
			developmentRegion = English;
			hasScannedForEncodings = 0;
			knownRegions = (
				en,
			);
			mainGroup = B4126651E9E3282A38FB63DE;
			productRefGroup = B412653491742191E08DCAA1 /* Products */;
			projectDirPath = "";
			projectRoot = "";
			targets = (
				B412684D7F7A1756DF9D727A /* Graphly */,
				B4126193A701A548EB0CF674 /* GraphlyTests */,
				B412657911936B72B564D53F /* GraphlyUITests */,
			);
		};
/* End PBXProject section */

/* Begin PBXResourcesBuildPhase section */
		B412603221530BA68A580FC2 /* Resources */ = {
			isa = PBXResourcesBuildPhase;
			buildActionMask = 2147483647;
			files = (
			);
			runOnlyForDeploymentPostprocessing = 0;
		};
		B41262C4CC74548F2D5CB6CC /* Resources */ = {
			isa = PBXResourcesBuildPhase;
			buildActionMask = 2147483647;
			files = (
			);
			runOnlyForDeploymentPostprocessing = 0;
		};
		B4126A8D212F0ED5FD4D3A69 /* Resources */ = {
			isa = PBXResourcesBuildPhase;
			buildActionMask = 2147483647;
			files = (
				F23D0CA61FD412A700F0E416 /* GridChartHeaderView.xib in Resources */,
				F23D0CAC1FD4173400F0E416 /* data.json in Resources */,
				B4126EBFF881BE4AB14E4274 /* Assets.xcassets in Resources */,
				B412621D0AD1932CC70FD024 /* Main.storyboard in Resources */,
				F2319CA91FD35BE2002C422C /* GridChartCollectionViewItem.xib in Resources */,
				F2D36E6C1FD3129D0036784E /* MenuTableCellView.xib in Resources */,
			);
			runOnlyForDeploymentPostprocessing = 0;
		};
/* End PBXResourcesBuildPhase section */

/* Begin PBXShellScriptBuildPhase section */
		15A51AF079921E7E2E76AA76 /* [CP] Copy Pods Resources */ = {
			isa = PBXShellScriptBuildPhase;
			buildActionMask = 2147483647;
			files = (
			);
			inputPaths = (
			);
			name = "[CP] Copy Pods Resources";
			outputPaths = (
			);
			runOnlyForDeploymentPostprocessing = 0;
			shellPath = /bin/sh;
			shellScript = "\"${SRCROOT}/Pods/Target Support Files/Pods-GraphlyUITests/Pods-GraphlyUITests-resources.sh\"\n";
			showEnvVarsInLog = 0;
		};
		5C7F9BDEE05A84361516EAC3 /* [CP] Embed Pods Frameworks */ = {
			isa = PBXShellScriptBuildPhase;
			buildActionMask = 2147483647;
			files = (
			);
			inputPaths = (
			);
			name = "[CP] Embed Pods Frameworks";
			outputPaths = (
			);
			runOnlyForDeploymentPostprocessing = 0;
			shellPath = /bin/sh;
			shellScript = "\"${SRCROOT}/Pods/Target Support Files/Pods-GraphlyTests/Pods-GraphlyTests-frameworks.sh\"\n";
			showEnvVarsInLog = 0;
		};
		5E91A7524944DBEEF0CD789B /* [CP] Embed Pods Frameworks */ = {
			isa = PBXShellScriptBuildPhase;
			buildActionMask = 2147483647;
			files = (
			);
			inputPaths = (
				"${SRCROOT}/Pods/Target Support Files/Pods-Graphly/Pods-Graphly-frameworks.sh",
				"${BUILT_PRODUCTS_DIR}/Charts/Charts.framework",
				"${BUILT_PRODUCTS_DIR}/RxCocoa/RxCocoa.framework",
				"${BUILT_PRODUCTS_DIR}/RxSwift/RxSwift.framework",
				"${BUILT_PRODUCTS_DIR}/SnapKit/SnapKit.framework",
				"${BUILT_PRODUCTS_DIR}/Swinject/Swinject.framework",
			);
			name = "[CP] Embed Pods Frameworks";
			outputPaths = (
				"${TARGET_BUILD_DIR}/${FRAMEWORKS_FOLDER_PATH}/Charts.framework",
				"${TARGET_BUILD_DIR}/${FRAMEWORKS_FOLDER_PATH}/RxCocoa.framework",
				"${TARGET_BUILD_DIR}/${FRAMEWORKS_FOLDER_PATH}/RxSwift.framework",
				"${TARGET_BUILD_DIR}/${FRAMEWORKS_FOLDER_PATH}/SnapKit.framework",
				"${TARGET_BUILD_DIR}/${FRAMEWORKS_FOLDER_PATH}/Swinject.framework",
			);
			runOnlyForDeploymentPostprocessing = 0;
			shellPath = /bin/sh;
			shellScript = "\"${SRCROOT}/Pods/Target Support Files/Pods-Graphly/Pods-Graphly-frameworks.sh\"\n";
			showEnvVarsInLog = 0;
		};
		7ACB1560166CCA6D511451CB /* [CP] Check Pods Manifest.lock */ = {
			isa = PBXShellScriptBuildPhase;
			buildActionMask = 2147483647;
			files = (
			);
			inputPaths = (
				"${PODS_PODFILE_DIR_PATH}/Podfile.lock",
				"${PODS_ROOT}/Manifest.lock",
			);
			name = "[CP] Check Pods Manifest.lock";
			outputPaths = (
				"$(DERIVED_FILE_DIR)/Pods-GraphlyUITests-checkManifestLockResult.txt",
			);
			runOnlyForDeploymentPostprocessing = 0;
			shellPath = /bin/sh;
			shellScript = "diff \"${PODS_PODFILE_DIR_PATH}/Podfile.lock\" \"${PODS_ROOT}/Manifest.lock\" > /dev/null\nif [ $? != 0 ] ; then\n    # print error to STDERR\n    echo \"error: The sandbox is not in sync with the Podfile.lock. Run 'pod install' or update your CocoaPods installation.\" >&2\n    exit 1\nfi\n# This output is used by Xcode 'outputs' to avoid re-running this script phase.\necho \"SUCCESS\" > \"${SCRIPT_OUTPUT_FILE_0}\"\n";
			showEnvVarsInLog = 0;
		};
		7E5BE942BD98E3A8585D4928 /* [CP] Check Pods Manifest.lock */ = {
			isa = PBXShellScriptBuildPhase;
			buildActionMask = 2147483647;
			files = (
			);
			inputPaths = (
				"${PODS_PODFILE_DIR_PATH}/Podfile.lock",
				"${PODS_ROOT}/Manifest.lock",
			);
			name = "[CP] Check Pods Manifest.lock";
			outputPaths = (
				"$(DERIVED_FILE_DIR)/Pods-GraphlyTests-checkManifestLockResult.txt",
			);
			runOnlyForDeploymentPostprocessing = 0;
			shellPath = /bin/sh;
			shellScript = "diff \"${PODS_PODFILE_DIR_PATH}/Podfile.lock\" \"${PODS_ROOT}/Manifest.lock\" > /dev/null\nif [ $? != 0 ] ; then\n    # print error to STDERR\n    echo \"error: The sandbox is not in sync with the Podfile.lock. Run 'pod install' or update your CocoaPods installation.\" >&2\n    exit 1\nfi\n# This output is used by Xcode 'outputs' to avoid re-running this script phase.\necho \"SUCCESS\" > \"${SCRIPT_OUTPUT_FILE_0}\"\n";
			showEnvVarsInLog = 0;
		};
		C1F475174B7A52325DB82C0A /* [CP] Embed Pods Frameworks */ = {
			isa = PBXShellScriptBuildPhase;
			buildActionMask = 2147483647;
			files = (
			);
			inputPaths = (
			);
			name = "[CP] Embed Pods Frameworks";
			outputPaths = (
			);
			runOnlyForDeploymentPostprocessing = 0;
			shellPath = /bin/sh;
			shellScript = "\"${SRCROOT}/Pods/Target Support Files/Pods-GraphlyUITests/Pods-GraphlyUITests-frameworks.sh\"\n";
			showEnvVarsInLog = 0;
		};
		C4395FE15192112A8140F3C9 /* [CP] Copy Pods Resources */ = {
			isa = PBXShellScriptBuildPhase;
			buildActionMask = 2147483647;
			files = (
			);
			inputPaths = (
			);
			name = "[CP] Copy Pods Resources";
			outputPaths = (
			);
			runOnlyForDeploymentPostprocessing = 0;
			shellPath = /bin/sh;
			shellScript = "\"${SRCROOT}/Pods/Target Support Files/Pods-GraphlyTests/Pods-GraphlyTests-resources.sh\"\n";
			showEnvVarsInLog = 0;
		};
		DA8AB20C4B29D7113D08F82E /* [CP] Copy Pods Resources */ = {
			isa = PBXShellScriptBuildPhase;
			buildActionMask = 2147483647;
			files = (
			);
			inputPaths = (
			);
			name = "[CP] Copy Pods Resources";
			outputPaths = (
			);
			runOnlyForDeploymentPostprocessing = 0;
			shellPath = /bin/sh;
			shellScript = "\"${SRCROOT}/Pods/Target Support Files/Pods-Graphly/Pods-Graphly-resources.sh\"\n";
			showEnvVarsInLog = 0;
		};
		E35B8D20C199C4A073C59AC0 /* [CP] Check Pods Manifest.lock */ = {
			isa = PBXShellScriptBuildPhase;
			buildActionMask = 2147483647;
			files = (
			);
			inputPaths = (
				"${PODS_PODFILE_DIR_PATH}/Podfile.lock",
				"${PODS_ROOT}/Manifest.lock",
			);
			name = "[CP] Check Pods Manifest.lock";
			outputPaths = (
				"$(DERIVED_FILE_DIR)/Pods-Graphly-checkManifestLockResult.txt",
			);
			runOnlyForDeploymentPostprocessing = 0;
			shellPath = /bin/sh;
			shellScript = "diff \"${PODS_PODFILE_DIR_PATH}/Podfile.lock\" \"${PODS_ROOT}/Manifest.lock\" > /dev/null\nif [ $? != 0 ] ; then\n    # print error to STDERR\n    echo \"error: The sandbox is not in sync with the Podfile.lock. Run 'pod install' or update your CocoaPods installation.\" >&2\n    exit 1\nfi\n# This output is used by Xcode 'outputs' to avoid re-running this script phase.\necho \"SUCCESS\" > \"${SCRIPT_OUTPUT_FILE_0}\"\n";
			showEnvVarsInLog = 0;
		};
/* End PBXShellScriptBuildPhase section */

/* Begin PBXSourcesBuildPhase section */
		B412616345A6519142E2817E /* Sources */ = {
			isa = PBXSourcesBuildPhase;
			buildActionMask = 2147483647;
			files = (
				B41266BBA4DAB1074222A7D9 /* GraphlyUITests.swift in Sources */,
			);
			runOnlyForDeploymentPostprocessing = 0;
		};
		B412617413D4EE598A7DF6BF /* Sources */ = {
			isa = PBXSourcesBuildPhase;
			buildActionMask = 2147483647;
			files = (
				B412664203E0FEDC0CF9468C /* GraphlyTests.swift in Sources */,
			);
			runOnlyForDeploymentPostprocessing = 0;
		};
		B4126516894A726600BC35D8 /* Sources */ = {
			isa = PBXSourcesBuildPhase;
			buildActionMask = 2147483647;
			files = (
				F24178E31FD31DE3002D237F /* NSViewController+Child.swift in Sources */,
				F2319CAC1FD35C3E002C422C /* GridChartCollectionViewModel.swift in Sources */,
				F211F1431FD2F9B900382DAE /* HeatMapViewController.swift in Sources */,
				F211F1471FD2FA0900382DAE /* GridChartViewController.swift in Sources */,
				F24178EA1FD32A5D002D237F /* Notification+Custom.swift in Sources */,
				F2D36E6A1FD3128B0036784E /* MenuTableCellView.swift in Sources */,
				F24178E81FD3288C002D237F /* NSObject+LastClassComponent.swift in Sources */,
				F2B5EE091FD342BB009F123E /* DataProvider.swift in Sources */,
				F24178E61FD32289002D237F /* ControllersInfoProvider.swift in Sources */,
				F23D0CA11FD40F3D00F0E416 /* Collection+Range.swift in Sources */,
				F2319CB21FD362BC002C422C /* Section.swift in Sources */,
				F2B5EE0B1FD34622009F123E /* ScatterViewModel.swift in Sources */,
				B4126B828A669853D77F4796 /* AppDelegate.swift in Sources */,
				F2319CA81FD35BE2002C422C /* GridChartCollectionViewItem.swift in Sources */,
				F2B5EE0D1FD3462E009F123E /* ViewModel.swift in Sources */,
				F2D36E611FD30F0A0036784E /* MenuViewModel.swift in Sources */,
				F2D36E561FD30A5B0036784E /* Unit.swift in Sources */,
				F2319CB01FD35DED002C422C /* NSCollectionView+Autoregister.swift in Sources */,
				F2D36E5A1FD30D280036784E /* MenuViewController.swift in Sources */,
				F2319CA31FD35980002C422C /* CollectionDataSource.swift in Sources */,
				F2D36E6F1FD31A4D0036784E /* NSTableView+Autoregister.swift in Sources */,
				B4126B6CB7EE0181AB465DA5 /* ViewController.swift in Sources */,
				F211F1451FD2F9DB00382DAE /* ScatterViewController.swift in Sources */,
				F2319CB41FD36A85002C422C /* NSStoryboard+Instantiate.swift in Sources */,
				B4126517A2CB8CD4BD4BFE18 /* DependencyInjection.swift in Sources */,
				F23D0CA81FD412C100F0E416 /* GridChartHeaderViewModel.swift in Sources */,
				F2D36E661FD310A70036784E /* MenuItemViewModel.swift in Sources */,
				F23D0CA41FD4129200F0E416 /* GridChartHeaderView.swift in Sources */,
				F2D36E581FD30CD70036784E /* SplitViewController.swift in Sources */,
				F2319CAE1FD35CB0002C422C /* CollectionViewItem.swift in Sources */,
				F2319CA01FD354BF002C422C /* GridChartViewModel.swift in Sources */,
			);
			runOnlyForDeploymentPostprocessing = 0;
		};
/* End PBXSourcesBuildPhase section */

/* Begin PBXTargetDependency section */
		B41262CB83B9FE1D59BAE2FE /* PBXTargetDependency */ = {
			isa = PBXTargetDependency;
			target = B412684D7F7A1756DF9D727A /* Graphly */;
			targetProxy = B412699D72C91ACB1CEBF446 /* PBXContainerItemProxy */;
		};
		B4126947F2AFB2378D5C7576 /* PBXTargetDependency */ = {
			isa = PBXTargetDependency;
			target = B412684D7F7A1756DF9D727A /* Graphly */;
			targetProxy = B4126AE7F2ACBFB4899051FB /* PBXContainerItemProxy */;
		};
/* End PBXTargetDependency section */

/* Begin PBXVariantGroup section */
		B41269D98DCDA5DFE9C29D17 /* Main.storyboard */ = {
			isa = PBXVariantGroup;
			children = (
				B41268A28879DD5F6C76CA0A /* Base */,
			);
			name = Main.storyboard;
			sourceTree = "<group>";
		};
/* End PBXVariantGroup section */

/* Begin XCBuildConfiguration section */
		B41260F670C3B64406051E9F /* Release */ = {
			isa = XCBuildConfiguration;
			buildSettings = {
				ALWAYS_SEARCH_USER_PATHS = NO;
				CLANG_ANALYZER_NONNULL = YES;
				CLANG_ANALYZER_NUMBER_OBJECT_CONVERSION = YES_AGGRESSIVE;
				CLANG_CXX_LANGUAGE_STANDARD = "gnu++0x";
				CLANG_CXX_LIBRARY = "libc++";
				CLANG_ENABLE_MODULES = YES;
				CLANG_ENABLE_OBJC_ARC = YES;
				CLANG_WARN_BOOL_CONVERSION = YES;
				CLANG_WARN_CONSTANT_CONVERSION = YES;
				CLANG_WARN_DIRECT_OBJC_ISA_USAGE = YES_ERROR;
				CLANG_WARN_DOCUMENTATION_COMMENTS = YES;
				CLANG_WARN_EMPTY_BODY = YES;
				CLANG_WARN_ENUM_CONVERSION = YES;
				CLANG_WARN_INFINITE_RECURSION = YES;
				CLANG_WARN_INT_CONVERSION = YES;
				CLANG_WARN_OBJC_ROOT_CLASS = YES_ERROR;
				CLANG_WARN_SUSPICIOUS_MOVE = YES;
				CLANG_WARN_UNREACHABLE_CODE = YES;
				CLANG_WARN__DUPLICATE_METHOD_MATCH = YES;
				CODE_SIGN_IDENTITY = "-";
				COPY_PHASE_STRIP = NO;
				DEBUG_INFORMATION_FORMAT = "dwarf-with-dsym";
				ENABLE_NS_ASSERTIONS = NO;
				ENABLE_STRICT_OBJC_MSGSEND = YES;
				GCC_C_LANGUAGE_STANDARD = gnu99;
				GCC_NO_COMMON_BLOCKS = YES;
				GCC_WARN_64_TO_32_BIT_CONVERSION = YES;
				GCC_WARN_ABOUT_RETURN_TYPE = YES_ERROR;
				GCC_WARN_UNDECLARED_SELECTOR = YES;
				GCC_WARN_UNINITIALIZED_AUTOS = YES_AGGRESSIVE;
				GCC_WARN_UNUSED_FUNCTION = YES;
				GCC_WARN_UNUSED_VARIABLE = YES;
				MACOSX_DEPLOYMENT_TARGET = 10.12;
				MTL_ENABLE_DEBUG_INFO = NO;
				SDKROOT = macosx;
				SWIFT_OPTIMIZATION_LEVEL = "-Owholemodule";
			};
			name = Release;
		};
		B4126430D61C6D69EC8D0EC0 /* Release */ = {
			isa = XCBuildConfiguration;
			baseConfigurationReference = 81804218567C3C966952EEC7 /* Pods-GraphlyUITests.release.xcconfig */;
			buildSettings = {
				COMBINE_HIDPI_IMAGES = YES;
				INFOPLIST_FILE = GraphlyUITests/Info.plist;
				LD_RUNPATH_SEARCH_PATHS = "$(inherited) @executable_path/../Frameworks @loader_path/../Frameworks";
				PRODUCT_BUNDLE_IDENTIFIER = marcin.karmelita.GraphlyUITests;
				PRODUCT_NAME = "$(TARGET_NAME)";
				SWIFT_VERSION = 3.1;
				TEST_TARGET_NAME = Graphly;
			};
			name = Release;
		};
		B41265B1C4322A51596D65BC /* Debug */ = {
			isa = XCBuildConfiguration;
			baseConfigurationReference = 6716295C24716858C39CC260 /* Pods-GraphlyUITests.debug.xcconfig */;
			buildSettings = {
				COMBINE_HIDPI_IMAGES = YES;
				INFOPLIST_FILE = GraphlyUITests/Info.plist;
				LD_RUNPATH_SEARCH_PATHS = "$(inherited) @executable_path/../Frameworks @loader_path/../Frameworks";
				PRODUCT_BUNDLE_IDENTIFIER = marcin.karmelita.GraphlyUITests;
				PRODUCT_NAME = "$(TARGET_NAME)";
				SWIFT_VERSION = 3.1;
				TEST_TARGET_NAME = Graphly;
			};
			name = Debug;
		};
		B412662B9962F04C23C9AE2E /* Release */ = {
			isa = XCBuildConfiguration;
			baseConfigurationReference = C0C8B1CC5CAF59970FD66D88 /* Pods-GraphlyTests.release.xcconfig */;
			buildSettings = {
				BUNDLE_LOADER = "$(BUILT_PRODUCTS_DIR)/Graphly.app/Contents/MacOS/Graphly";
				COMBINE_HIDPI_IMAGES = YES;
				INFOPLIST_FILE = GraphlyTests/Info.plist;
				LD_RUNPATH_SEARCH_PATHS = "$(inherited) @executable_path/../Frameworks @loader_path/../Frameworks";
				PRODUCT_BUNDLE_IDENTIFIER = marcin.karmelita.GraphlyTests;
				PRODUCT_NAME = "$(TARGET_NAME)";
				SWIFT_SWIFT3_OBJC_INFERENCE = On;
				SWIFT_VERSION = 4.0;
				TEST_HOST = "$(BUNDLE_LOADER)";
			};
			name = Release;
		};
		B4126839B50EE6EC48CFAACB /* Debug */ = {
			isa = XCBuildConfiguration;
			baseConfigurationReference = E05DDE7CC2E51C9561AD6852 /* Pods-GraphlyTests.debug.xcconfig */;
			buildSettings = {
				BUNDLE_LOADER = "$(BUILT_PRODUCTS_DIR)/Graphly.app/Contents/MacOS/Graphly";
				COMBINE_HIDPI_IMAGES = YES;
				INFOPLIST_FILE = GraphlyTests/Info.plist;
				LD_RUNPATH_SEARCH_PATHS = "$(inherited) @executable_path/../Frameworks @loader_path/../Frameworks";
				PRODUCT_BUNDLE_IDENTIFIER = marcin.karmelita.GraphlyTests;
				PRODUCT_NAME = "$(TARGET_NAME)";
				SWIFT_SWIFT3_OBJC_INFERENCE = On;
				SWIFT_VERSION = 4.0;
				TEST_HOST = "$(BUNDLE_LOADER)";
			};
			name = Debug;
		};
		B4126BC4357F49072D442576 /* Debug */ = {
			isa = XCBuildConfiguration;
			buildSettings = {
				ALWAYS_SEARCH_USER_PATHS = NO;
				CLANG_ANALYZER_NONNULL = YES;
				CLANG_ANALYZER_NUMBER_OBJECT_CONVERSION = YES_AGGRESSIVE;
				CLANG_CXX_LANGUAGE_STANDARD = "gnu++0x";
				CLANG_CXX_LIBRARY = "libc++";
				CLANG_ENABLE_MODULES = YES;
				CLANG_ENABLE_OBJC_ARC = YES;
				CLANG_WARN_BOOL_CONVERSION = YES;
				CLANG_WARN_CONSTANT_CONVERSION = YES;
				CLANG_WARN_DIRECT_OBJC_ISA_USAGE = YES_ERROR;
				CLANG_WARN_DOCUMENTATION_COMMENTS = YES;
				CLANG_WARN_EMPTY_BODY = YES;
				CLANG_WARN_ENUM_CONVERSION = YES;
				CLANG_WARN_INFINITE_RECURSION = YES;
				CLANG_WARN_INT_CONVERSION = YES;
				CLANG_WARN_OBJC_ROOT_CLASS = YES_ERROR;
				CLANG_WARN_SUSPICIOUS_MOVE = YES;
				CLANG_WARN_UNREACHABLE_CODE = YES;
				CLANG_WARN__DUPLICATE_METHOD_MATCH = YES;
				CODE_SIGN_IDENTITY = "-";
				COPY_PHASE_STRIP = NO;
				DEBUG_INFORMATION_FORMAT = dwarf;
				ENABLE_STRICT_OBJC_MSGSEND = YES;
				ENABLE_TESTABILITY = YES;
				GCC_C_LANGUAGE_STANDARD = gnu99;
				GCC_DYNAMIC_NO_PIC = NO;
				GCC_NO_COMMON_BLOCKS = YES;
				GCC_OPTIMIZATION_LEVEL = 0;
				GCC_PREPROCESSOR_DEFINITIONS = (
					"DEBUG=1",
					"$(inherited)",
				);
				GCC_WARN_64_TO_32_BIT_CONVERSION = YES;
				GCC_WARN_ABOUT_RETURN_TYPE = YES_ERROR;
				GCC_WARN_UNDECLARED_SELECTOR = YES;
				GCC_WARN_UNINITIALIZED_AUTOS = YES_AGGRESSIVE;
				GCC_WARN_UNUSED_FUNCTION = YES;
				GCC_WARN_UNUSED_VARIABLE = YES;
				MACOSX_DEPLOYMENT_TARGET = 10.12;
				MTL_ENABLE_DEBUG_INFO = YES;
				ONLY_ACTIVE_ARCH = YES;
				SDKROOT = macosx;
				SWIFT_ACTIVE_COMPILATION_CONDITIONS = DEBUG;
				SWIFT_OPTIMIZATION_LEVEL = "-Onone";
			};
			name = Debug;
		};
		B4126BD042467C9CD560C3BE /* Release */ = {
			isa = XCBuildConfiguration;
			baseConfigurationReference = 143892EBD68CD07D19596A75 /* Pods-Graphly.release.xcconfig */;
			buildSettings = {
				ASSETCATALOG_COMPILER_APPICON_NAME = AppIcon;
				COMBINE_HIDPI_IMAGES = YES;
				INFOPLIST_FILE = "$(SRCROOT)/Graphly/Supporting files/Info.plist";
				LD_RUNPATH_SEARCH_PATHS = "$(inherited) @executable_path/../Frameworks";
				PRODUCT_BUNDLE_IDENTIFIER = marcin.karmelita.Graphly;
				PRODUCT_NAME = "$(TARGET_NAME)";
				SWIFT_VERSION = 4.0;
			};
			name = Release;
		};
		B4126F8DEC3E70E52E50CDEA /* Debug */ = {
			isa = XCBuildConfiguration;
			baseConfigurationReference = 63AAB11123676CEA44C1E394 /* Pods-Graphly.debug.xcconfig */;
			buildSettings = {
				ASSETCATALOG_COMPILER_APPICON_NAME = AppIcon;
				COMBINE_HIDPI_IMAGES = YES;
				INFOPLIST_FILE = "$(SRCROOT)/Graphly/Supporting files/Info.plist";
				LD_RUNPATH_SEARCH_PATHS = "$(inherited) @executable_path/../Frameworks";
				PRODUCT_BUNDLE_IDENTIFIER = marcin.karmelita.Graphly;
				PRODUCT_NAME = "$(TARGET_NAME)";
				SWIFT_VERSION = 4.0;
			};
			name = Debug;
		};
/* End XCBuildConfiguration section */

/* Begin XCConfigurationList section */
		B41265553EA5380BB50402D0 /* Build configuration list for PBXNativeTarget "GraphlyTests" */ = {
			isa = XCConfigurationList;
			buildConfigurations = (
				B4126839B50EE6EC48CFAACB /* Debug */,
				B412662B9962F04C23C9AE2E /* Release */,
			);
			defaultConfigurationIsVisible = 0;
			defaultConfigurationName = Release;
		};
		B41268336F88AE7B9B0D378F /* Build configuration list for PBXNativeTarget "Graphly" */ = {
			isa = XCConfigurationList;
			buildConfigurations = (
				B4126F8DEC3E70E52E50CDEA /* Debug */,
				B4126BD042467C9CD560C3BE /* Release */,
			);
			defaultConfigurationIsVisible = 0;
			defaultConfigurationName = Release;
		};
		B4126BFAA3004EFAAB4342AB /* Build configuration list for PBXNativeTarget "GraphlyUITests" */ = {
			isa = XCConfigurationList;
			buildConfigurations = (
				B41265B1C4322A51596D65BC /* Debug */,
				B4126430D61C6D69EC8D0EC0 /* Release */,
			);
			defaultConfigurationIsVisible = 0;
			defaultConfigurationName = Release;
		};
		B4126EB769C93F5A2ADB2845 /* Build configuration list for PBXProject "Graphly" */ = {
			isa = XCConfigurationList;
			buildConfigurations = (
				B4126BC4357F49072D442576 /* Debug */,
				B41260F670C3B64406051E9F /* Release */,
			);
			defaultConfigurationIsVisible = 0;
			defaultConfigurationName = Release;
		};
/* End XCConfigurationList section */
	};
	rootObject = B41261DC993F7D120D931B13 /* Project object */;
}
